
Microsoft Visual Studio Solution File, Format Version 12.00
# Visual Studio Version 17
VisualStudioVersion = 17.10.35027.167
MinimumVisualStudioVersion = 10.0.40219.1
Project("{2150E333-8FDC-42A3-9474-1A3956D46DE8}") = "1. Apresentacao", "1. Apresentacao", "{0455CB6B-989E-4046-B9CE-5E720B9D84ED}"
EndProject
Project("{2150E333-8FDC-42A3-9474-1A3956D46DE8}") = "2. Aplicacao", "2. Aplicacao", "{B9D4D49C-A0B0-40FB-BCF6-A56CB6C2C8BB}"
EndProject
Project("{2150E333-8FDC-42A3-9474-1A3956D46DE8}") = "3. Dominio", "3. Dominio", "{94CF986D-A454-4625-B6F1-4C5B919B94E6}"
EndProject
Project("{2150E333-8FDC-42A3-9474-1A3956D46DE8}") = "4. Infraestrutura", "4. Infraestrutura", "{EAFD18D2-1FF0-496C-BE1C-83D7D4E8F321}"
EndProject
Project("{2150E333-8FDC-42A3-9474-1A3956D46DE8}") = "5. Testes", "5. Testes", "{DBA61635-6285-4F65-9D78-9D1FF3A79104}"
EndProject
Project("{9A19103F-16F7-4668-BE54-9A1E7A4F7556}") = "ControleLocadoraAutomoveis.Dominio", "ControleLocadoraAutomoveis\ControleLocadoraAutomoveis.Dominio.csproj", "{30841128-2A2A-4D44-B604-4DB00219661D}"
EndProject
Project("{9A19103F-16F7-4668-BE54-9A1E7A4F7556}") = "ControleLocadoraAutomoveis.Infraestrutura", "ControleLocadoraAutomoveis.Infraestrutura\ControleLocadoraAutomoveis.Infraestrutura.csproj", "{739267BC-F474-4D25-A535-95CC7F62AF11}"
EndProject
Project("{2150E333-8FDC-42A3-9474-1A3956D46DE8}") = "5.1 Unidade", "5.1 Unidade", "{F411F6FA-1FD0-416C-BE05-916DAC7841EB}"
EndProject
Project("{2150E333-8FDC-42A3-9474-1A3956D46DE8}") = "5.2 Integracao", "5.2 Integracao", "{BFE29720-1255-4395-AD1C-79C59C431B1A}"
EndProject
Project("{9A19103F-16F7-4668-BE54-9A1E7A4F7556}") = "ControleLocadoraAutomoveis.Testes.Unidade", "ControleLocadoraAutomoveis.Testes.Unidade\ControleLocadoraAutomoveis.Testes.Unidade.csproj", "{B70707DE-8D74-425C-B94A-8491C767A0A5}"
EndProject
Project("{9A19103F-16F7-4668-BE54-9A1E7A4F7556}") = "ControleLocadoraAutomoveis.Testes.Infraestrutura", "ControleLocadoraAutomoveis.Testes.Infraestrutura\ControleLocadoraAutomoveis.Testes.Infraestrutura.csproj", "{5823BB46-41A4-4426-9245-27F98C050AE2}"
EndProject
Project("{9A19103F-16F7-4668-BE54-9A1E7A4F7556}") = "ControleLocadoraAutomoveis.Aplicacao", "ControleLocadoraAutomoveis.Aplicacao\ControleLocadoraAutomoveis.Aplicacao.csproj", "{4C38E10D-432B-4769-A3C7-4FBC0ECCBF1F}"
EndProject
Project("{9A19103F-16F7-4668-BE54-9A1E7A4F7556}") = "ControleLocadoraAutomoveis.WebApp", "ControleLocadoraAutomoveis.WebApp\ControleLocadoraAutomoveis.WebApp.csproj", "{DD41B2DA-53CE-4CD5-A021-AAF96FFCE785}"
EndProject
Project("{2150E333-8FDC-42A3-9474-1A3956D46DE8}") = "5.3 Interface", "5.3 Interface", "{342B9A91-FB3A-4017-A43F-C5B4C43B06F7}"
EndProject
Global
	GlobalSection(SolutionConfigurationPlatforms) = preSolution
		Debug|Any CPU = Debug|Any CPU
		Release|Any CPU = Release|Any CPU
	EndGlobalSection
	GlobalSection(ProjectConfigurationPlatforms) = postSolution
		{30841128-2A2A-4D44-B604-4DB00219661D}.Debug|Any CPU.ActiveCfg = Debug|Any CPU
		{30841128-2A2A-4D44-B604-4DB00219661D}.Debug|Any CPU.Build.0 = Debug|Any CPU
		{30841128-2A2A-4D44-B604-4DB00219661D}.Release|Any CPU.ActiveCfg = Release|Any CPU
		{30841128-2A2A-4D44-B604-4DB00219661D}.Release|Any CPU.Build.0 = Release|Any CPU
		{739267BC-F474-4D25-A535-95CC7F62AF11}.Debug|Any CPU.ActiveCfg = Debug|Any CPU
		{739267BC-F474-4D25-A535-95CC7F62AF11}.Debug|Any CPU.Build.0 = Debug|Any CPU
		{739267BC-F474-4D25-A535-95CC7F62AF11}.Release|Any CPU.ActiveCfg = Release|Any CPU
		{739267BC-F474-4D25-A535-95CC7F62AF11}.Release|Any CPU.Build.0 = Release|Any CPU
		{B70707DE-8D74-425C-B94A-8491C767A0A5}.Debug|Any CPU.ActiveCfg = Debug|Any CPU
		{B70707DE-8D74-425C-B94A-8491C767A0A5}.Debug|Any CPU.Build.0 = Debug|Any CPU
		{B70707DE-8D74-425C-B94A-8491C767A0A5}.Release|Any CPU.ActiveCfg = Release|Any CPU
		{B70707DE-8D74-425C-B94A-8491C767A0A5}.Release|Any CPU.Build.0 = Release|Any CPU
		{5823BB46-41A4-4426-9245-27F98C050AE2}.Debug|Any CPU.ActiveCfg = Debug|Any CPU
		{5823BB46-41A4-4426-9245-27F98C050AE2}.Debug|Any CPU.Build.0 = Debug|Any CPU
		{5823BB46-41A4-4426-9245-27F98C050AE2}.Release|Any CPU.ActiveCfg = Release|Any CPU
		{5823BB46-41A4-4426-9245-27F98C050AE2}.Release|Any CPU.Build.0 = Release|Any CPU
		{4C38E10D-432B-4769-A3C7-4FBC0ECCBF1F}.Debug|Any CPU.ActiveCfg = Debug|Any CPU
		{4C38E10D-432B-4769-A3C7-4FBC0ECCBF1F}.Debug|Any CPU.Build.0 = Debug|Any CPU
		{4C38E10D-432B-4769-A3C7-4FBC0ECCBF1F}.Release|Any CPU.ActiveCfg = Release|Any CPU
		{4C38E10D-432B-4769-A3C7-4FBC0ECCBF1F}.Release|Any CPU.Build.0 = Release|Any CPU
		{DD41B2DA-53CE-4CD5-A021-AAF96FFCE785}.Debug|Any CPU.ActiveCfg = Debug|Any CPU
		{DD41B2DA-53CE-4CD5-A021-AAF96FFCE785}.Debug|Any CPU.Build.0 = Debug|Any CPU
		{DD41B2DA-53CE-4CD5-A021-AAF96FFCE785}.Release|Any CPU.ActiveCfg = Release|Any CPU
		{DD41B2DA-53CE-4CD5-A021-AAF96FFCE785}.Release|Any CPU.Build.0 = Release|Any CPU
	EndGlobalSection
	GlobalSection(SolutionProperties) = preSolution
		HideSolutionNode = FALSE
	EndGlobalSection
	GlobalSection(NestedProjects) = preSolution
		{30841128-2A2A-4D44-B604-4DB00219661D} = {94CF986D-A454-4625-B6F1-4C5B919B94E6}
		{739267BC-F474-4D25-A535-95CC7F62AF11} = {EAFD18D2-1FF0-496C-BE1C-83D7D4E8F321}
		{F411F6FA-1FD0-416C-BE05-916DAC7841EB} = {DBA61635-6285-4F65-9D78-9D1FF3A79104}
		{BFE29720-1255-4395-AD1C-79C59C431B1A} = {DBA61635-6285-4F65-9D78-9D1FF3A79104}
		{B70707DE-8D74-425C-B94A-8491C767A0A5} = {F411F6FA-1FD0-416C-BE05-916DAC7841EB}
		{5823BB46-41A4-4426-9245-27F98C050AE2} = {BFE29720-1255-4395-AD1C-79C59C431B1A}
		{4C38E10D-432B-4769-A3C7-4FBC0ECCBF1F} = {B9D4D49C-A0B0-40FB-BCF6-A56CB6C2C8BB}
		{DD41B2DA-53CE-4CD5-A021-AAF96FFCE785} = {0455CB6B-989E-4046-B9CE-5E720B9D84ED}
		{342B9A91-FB3A-4017-A43F-C5B4C43B06F7} = {DBA61635-6285-4F65-9D78-9D1FF3A79104}
	EndGlobalSection
	GlobalSection(ExtensibilityGlobals) = postSolution
		SolutionGuid = {9B40CB80-395F-4637-9715-7717215D8A01}
	EndGlobalSection
EndGlobal
